output/output_genome2/reads/sim_transloc_reads61f41cee-25ec-46cd-bbfc-7e14c6fcce44_nreads8000_sizedels10.fa
output/output_genome2/reads/sim_transloc_reads0ce880ad-01a9-4206-89a1-dc2217b08533_nreads8000_sizedels10.fa
output/output_genome2/reads/sim_transloc_readse5cf7253-1b67-49da-bdbf-9d7a4fb8c547_nreads8000_sizedels10.fa
output/output_genome2/plots_segmented/plotCN_4359af97-2e27-49a9-9b3e-e1d023a248b2_nreads8000_sizedels10_ACE08cellularity.pdf
output/output_genome2/reads/sim_transloc_reads095470a7-5c4b-4bf1-ac29-cb1fb8dd12f1_nreads8000_sizedels10.fa
output/output_genome2/reads/sim_transloc_reads1fc396ca-a860-4aac-891b-70afd3d56b48_nreads8000_sizedels10.fa
output/output_genome2/reads/sim_transloc_readse68fb549-50b6-4237-a339-3888ea8cfbb4_nreads8000_sizedels10.fa
output/output_genome2/reads/sim_transloc_readsae6dac2e-4d87-4dc8-b9a1-10a95915907f_nreads8000_sizedels10.fa
output/output_genome2/reads/sim_transloc_reads302c8f1d-5b94-4e43-ac39-6db7ef6dfa58_nreads8000_sizedels10.fa
output/output_genome2/reads/sim_transloc_reads60f5571d-95d2-4278-b97d-89a6ab812a7a_nreads8000_sizedels10.fa
output/output_genome2/plots_segmented/plotCN_26fedc20-6635-4272-b7f8-cd97842b29b7_nreads8000_sizedels10_ACE08cellularity.pdf
output/output_genome2/plots_segmented/plotCN_84eff1f1-f243-4470-9993-98180e80f71e_nreads8000_sizedels10_ACE08cellularity.pdf
output/output_genome2/plots_segmented/plotCN_cbbd7d10-e1b9-4d8c-b87b-5cf3e718f133_nreads8000_sizedels10_ACE08cellularity.pdf
output/output_genome2/plots_segmented/plotCN_0611ad33-92b7-42ec-8b4a-e4615ed76232_nreads8000_sizedels10_ACE08cellularity.pdf
output/output_genome2/plots_segmented/plotCN_26b193d2-dc1e-456c-810c-24297370351a_nreads8000_sizedels10_ACE08cellularity.pdf
output/output_genome2/plots_segmented/plotCN_bc52a759-f446-4392-8418-316c83ddafd7_nreads8000_sizedels10_ACE08cellularity.pdf
output/output_genome2/plots_segmented/plotCN_b2608b33-e62d-41e5-ac55-74294039ea1e_nreads8000_sizedels10_ACE08cellularity.pdf
output/output_genome2/plots_segmented/plotCN_b6dbdd13-1818-4bd7-8612-e7198bd31838_nreads8000_sizedels10_ACE08cellularity.pdf
output/output_genome2/plots_segmented/plotCN_028f3fe8-2a89-4492-bab5-760584a664a5_nreads8000_sizedels10_ACE08cellularity.pdf
output/output_genome2/reads/sim_transloc_readseb37b8e8-0560-4ce1-b16c-90b5cea62b4c_nreads8000_sizedels10.fa
output/output_genome2/alignments/aligned_sim_transloc_readscbbd7d10-e1b9-4d8c-b87b-5cf3e718f133_nreads8000_sizedels10.bam
output/output_genome2/alignments/aligned_sim_transloc_reads0611ad33-92b7-42ec-8b4a-e4615ed76232_nreads8000_sizedels10.bam
output/output_genome2/alignments/aligned_sim_transloc_reads26b193d2-dc1e-456c-810c-24297370351a_nreads8000_sizedels10.bam
output/output_genome2/alignments/aligned_sim_transloc_readsbc52a759-f446-4392-8418-316c83ddafd7_nreads8000_sizedels10.bam
output/output_genome2/alignments/aligned_sim_transloc_readsb2608b33-e62d-41e5-ac55-74294039ea1e_nreads8000_sizedels10.bam
output/output_genome2/alignments/aligned_sim_transloc_readsb6dbdd13-1818-4bd7-8612-e7198bd31838_nreads8000_sizedels10.bam
output/output_genome2/alignments/aligned_sim_transloc_reads028f3fe8-2a89-4492-bab5-760584a664a5_nreads8000_sizedels10.bam
output/output_genome2/alignments/aligned_sim_transloc_reads84eff1f1-f243-4470-9993-98180e80f71e_nreads8000_sizedels10.bam
output/output_genome2/alignments/aligned_sim_transloc_reads2dd86725-0b7a-4b8d-a364-3529d113f115_nreads8000_sizedels10.bam
output/output_genome2/alignments/aligned_sim_transloc_reads26fedc20-6635-4272-b7f8-cd97842b29b7_nreads8000_sizedels10.bam
output/output_genome2/reads/sim_transloc_readscbbd7d10-e1b9-4d8c-b87b-5cf3e718f133_nreads8000_sizedels10.fa
output/output_genome2/reads/sim_transloc_reads0611ad33-92b7-42ec-8b4a-e4615ed76232_nreads8000_sizedels10.fa
output/output_genome2/reads/sim_transloc_reads26b193d2-dc1e-456c-810c-24297370351a_nreads8000_sizedels10.fa
output/output_genome2/reads/sim_transloc_readsbc52a759-f446-4392-8418-316c83ddafd7_nreads8000_sizedels10.fa
output/output_genome2/reads/sim_transloc_readsb2608b33-e62d-41e5-ac55-74294039ea1e_nreads8000_sizedels10.fa
output/output_genome2/reads/sim_transloc_readsb6dbdd13-1818-4bd7-8612-e7198bd31838_nreads8000_sizedels10.fa
output/output_genome2/alignments/aligned_sim_transloc_readse48c3755-5811-40d2-8c41-1b0b7eee7304_nreads8000_sizedels10.bam
output/output_genome2/reads/sim_transloc_reads028f3fe8-2a89-4492-bab5-760584a664a5_nreads8000_sizedels10.fa
output/output_genome2/reads/sim_transloc_reads84eff1f1-f243-4470-9993-98180e80f71e_nreads8000_sizedels10.fa
output/output_genome2/reads/sim_transloc_reads2dd86725-0b7a-4b8d-a364-3529d113f115_nreads8000_sizedels10.fa
output/output_genome2/plots_segmented/plotCN_79894afd-775a-48e3-8b9e-063ef659b341_nreads8000_sizedels10_ACE08cellularity.pdf
output/output_genome2/plots_segmented/plotCN_40d188dd-1dc4-4da6-a0c4-741468836f2a_nreads8000_sizedels10_ACE08cellularity.pdf
output/output_genome2/plots_segmented/plotCN_dab9a151-3f5a-4617-b288-c42db54e6d42_nreads8000_sizedels10_ACE08cellularity.pdf
output/output_genome2/plots_segmented/plotCN_f8865b15-6d06-46e9-8cad-8bc36f31367a_nreads8000_sizedels10_ACE08cellularity.pdf
output/output_genome2/plots_segmented/plotCN_dcbbe336-7493-47e1-b2df-4a9798070edd_nreads8000_sizedels10_ACE08cellularity.pdf
output/output_genome2/plots_segmented/plotCN_52d046ba-46d9-4ba2-be5d-4a0f63431bb4_nreads8000_sizedels10_ACE08cellularity.pdf
output/output_genome2/plots_segmented/plotCN_89a3b656-e4a8-405b-a786-bf31d594e525_nreads8000_sizedels10_ACE08cellularity.pdf
output/output_genome2/plots_segmented/plotCN_301c2773-196c-4b1d-95af-f98644a6202f_nreads8000_sizedels10_ACE08cellularity.pdf
output/output_genome2/plots_segmented/plotCN_9ecc78ef-eb1e-4e09-96db-919aefa1df6b_nreads8000_sizedels10_ACE08cellularity.pdf
output/output_genome2/plots_segmented/plotCN_e90cfb71-693e-4a22-9c77-3f21851a7f75_nreads8000_sizedels10_ACE08cellularity.pdf
output/output_genome2/plots_segmented/plotCN_4867bc9e-a9ed-48fa-ace1-3d844ac669e2_nreads8000_sizedels10_ACE08cellularity.pdf
output/output_genome2/reads/sim_transloc_reads692946d2-f046-464d-86b9-452ef9d0381a_nreads8000_sizedels10.fa
output/output_genome2/alignments/aligned_sim_transloc_readsdab9a151-3f5a-4617-b288-c42db54e6d42_nreads8000_sizedels10.bam
output/output_genome2/alignments/aligned_sim_transloc_readsf8865b15-6d06-46e9-8cad-8bc36f31367a_nreads8000_sizedels10.bam
output/output_genome2/alignments/aligned_sim_transloc_readsdcbbe336-7493-47e1-b2df-4a9798070edd_nreads8000_sizedels10.bam
output/output_genome2/alignments/aligned_sim_transloc_reads52d046ba-46d9-4ba2-be5d-4a0f63431bb4_nreads8000_sizedels10.bam
output/output_genome2/alignments/aligned_sim_transloc_reads89a3b656-e4a8-405b-a786-bf31d594e525_nreads8000_sizedels10.bam
output/output_genome2/alignments/aligned_sim_transloc_reads301c2773-196c-4b1d-95af-f98644a6202f_nreads8000_sizedels10.bam
output/output_genome2/alignments/aligned_sim_transloc_reads9ecc78ef-eb1e-4e09-96db-919aefa1df6b_nreads8000_sizedels10.bam
output/output_genome2/alignments/aligned_sim_transloc_readse90cfb71-693e-4a22-9c77-3f21851a7f75_nreads8000_sizedels10.bam
output/output_genome2/alignments/aligned_sim_transloc_reads79894afd-775a-48e3-8b9e-063ef659b341_nreads8000_sizedels10.bam
output/output_genome2/alignments/aligned_sim_transloc_reads40d188dd-1dc4-4da6-a0c4-741468836f2a_nreads8000_sizedels10.bam
output/output_genome2/alignments/aligned_sim_transloc_reads4359af97-2e27-49a9-9b3e-e1d023a248b2_nreads8000_sizedels10.bam
output/output_genome2/reads/sim_transloc_readsdab9a151-3f5a-4617-b288-c42db54e6d42_nreads8000_sizedels10.fa
output/output_genome2/reads/sim_transloc_readsf8865b15-6d06-46e9-8cad-8bc36f31367a_nreads8000_sizedels10.fa
output/output_genome2/reads/sim_transloc_readsdcbbe336-7493-47e1-b2df-4a9798070edd_nreads8000_sizedels10.fa
output/output_genome2/plots_segmented/plotCN_49e2682c-4bc6-4856-9a74-b77b10a1feca_nreads8000_sizedels10_ACE08cellularity.pdf
output/output_genome2/reads/sim_transloc_reads52d046ba-46d9-4ba2-be5d-4a0f63431bb4_nreads8000_sizedels10.fa
output/output_genome2/reads/sim_transloc_reads89a3b656-e4a8-405b-a786-bf31d594e525_nreads8000_sizedels10.fa
output/output_genome2/reads/sim_transloc_reads301c2773-196c-4b1d-95af-f98644a6202f_nreads8000_sizedels10.fa
output/output_genome2/reads/sim_transloc_reads9ecc78ef-eb1e-4e09-96db-919aefa1df6b_nreads8000_sizedels10.fa
output/output_genome2/reads/sim_transloc_readse90cfb71-693e-4a22-9c77-3f21851a7f75_nreads8000_sizedels10.fa
output/output_genome2/reads/sim_transloc_reads79894afd-775a-48e3-8b9e-063ef659b341_nreads8000_sizedels10.fa
output/output_genome2/reads/sim_transloc_reads26fedc20-6635-4272-b7f8-cd97842b29b7_nreads8000_sizedels10.fa
output/output_genome2/plots_segmented/plotCN_692946d2-f046-464d-86b9-452ef9d0381a_nreads8000_sizedels10_ACE08cellularity.pdf
output/output_genome2/plots_segmented/plotCN_1f041abe-1a08-4b39-bab4-168614961fe6_nreads8000_sizedels10_ACE08cellularity.pdf
output/output_genome2/plots_segmented/plotCN_3dea342a-2048-4271-8b1c-1a094416954c_nreads8000_sizedels10_ACE08cellularity.pdf
output/output_genome2/plots_segmented/plotCN_31acd162-565f-468d-84e8-013b877c7080_nreads8000_sizedels10_ACE08cellularity.pdf
output/output_genome2/plots_segmented/plotCN_5df28185-3253-4dd7-b88f-320d4a5b87d0_nreads8000_sizedels10_ACE08cellularity.pdf
output/output_genome2/plots_segmented/plotCN_d8b8e001-d2a6-4df9-948d-81d98ea17d9d_nreads8000_sizedels10_ACE08cellularity.pdf
output/output_genome2/plots_segmented/plotCN_14685c3b-2a0e-4841-a0aa-4668a9cc857d_nreads8000_sizedels10_ACE08cellularity.pdf
output/output_genome2/plots_segmented/plotCN_43a95259-a06e-42ec-b809-ecdcd5f773b1_nreads8000_sizedels10_ACE08cellularity.pdf
output/output_genome2/plots_segmented/plotCN_c282b75c-e7d7-4bc1-82ef-fd995fb9bcaf_nreads8000_sizedels10_ACE08cellularity.pdf
output/output_genome2/plots_segmented/plotCN_56b063ca-b450-4d01-82f2-e9da2c4a0aff_nreads8000_sizedels10_ACE08cellularity.pdf
output/output_genome2/alignments/aligned_sim_transloc_reads5df28185-3253-4dd7-b88f-320d4a5b87d0_nreads8000_sizedels10.bam
output/output_genome2/alignments/aligned_sim_transloc_reads31acd162-565f-468d-84e8-013b877c7080_nreads8000_sizedels10.bam
output/output_genome2/alignments/aligned_sim_transloc_readsd8b8e001-d2a6-4df9-948d-81d98ea17d9d_nreads8000_sizedels10.bam
output/output_genome2/alignments/aligned_sim_transloc_reads14685c3b-2a0e-4841-a0aa-4668a9cc857d_nreads8000_sizedels10.bam
output/output_genome2/alignments/aligned_sim_transloc_reads43a95259-a06e-42ec-b809-ecdcd5f773b1_nreads8000_sizedels10.bam
output/output_genome2/alignments/aligned_sim_transloc_readsc282b75c-e7d7-4bc1-82ef-fd995fb9bcaf_nreads8000_sizedels10.bam
output/output_genome2/alignments/aligned_sim_transloc_reads56b063ca-b450-4d01-82f2-e9da2c4a0aff_nreads8000_sizedels10.bam
output/output_genome2/alignments/aligned_sim_transloc_reads1f041abe-1a08-4b39-bab4-168614961fe6_nreads8000_sizedels10.bam
output/output_genome2/alignments/aligned_sim_transloc_reads3dea342a-2048-4271-8b1c-1a094416954c_nreads8000_sizedels10.bam
output/output_genome2/alignments/aligned_sim_transloc_reads692946d2-f046-464d-86b9-452ef9d0381a_nreads8000_sizedels10.bam
output/output_genome2/reads/sim_transloc_readse48c3755-5811-40d2-8c41-1b0b7eee7304_nreads8000_sizedels10.fa
output/output_genome2/reads/sim_transloc_reads5df28185-3253-4dd7-b88f-320d4a5b87d0_nreads8000_sizedels10.fa
output/output_genome2/plots_segmented/plotCN_2dd86725-0b7a-4b8d-a364-3529d113f115_nreads8000_sizedels10_ACE08cellularity.pdf
output/output_genome2/reads/sim_transloc_reads31acd162-565f-468d-84e8-013b877c7080_nreads8000_sizedels10.fa
output/output_genome2/reads/sim_transloc_readsd8b8e001-d2a6-4df9-948d-81d98ea17d9d_nreads8000_sizedels10.fa
output/output_genome2/reads/sim_transloc_reads14685c3b-2a0e-4841-a0aa-4668a9cc857d_nreads8000_sizedels10.fa
output/output_genome2/reads/sim_transloc_reads43a95259-a06e-42ec-b809-ecdcd5f773b1_nreads8000_sizedels10.fa
output/output_genome2/alignments/aligned_sim_transloc_reads4867bc9e-a9ed-48fa-ace1-3d844ac669e2_nreads8000_sizedels10.bam
output/output_genome2/reads/sim_transloc_readsc282b75c-e7d7-4bc1-82ef-fd995fb9bcaf_nreads8000_sizedels10.fa
output/output_genome2/reads/sim_transloc_reads56b063ca-b450-4d01-82f2-e9da2c4a0aff_nreads8000_sizedels10.fa
output/output_genome2/reads/sim_transloc_reads1f041abe-1a08-4b39-bab4-168614961fe6_nreads8000_sizedels10.fa
output/output_genome2/plots_segmented/plotCN_74ae0dc9-dd63-4e34-a7f0-ee3077199b59_nreads8000_sizedels10_ACE08cellularity.pdf
output/output_genome2/plots_segmented/plotCN_fce46f10-e850-4f42-a284-7aa2b315bed2_nreads8000_sizedels10_ACE08cellularity.pdf
output/output_genome2/plots_segmented/plotCN_f75c694a-cb25-478b-bb69-4cb409da5f46_nreads8000_sizedels10_ACE08cellularity.pdf
output/output_genome2/plots_segmented/plotCN_55185318-e478-4e3b-8ac7-0755d720a476_nreads8000_sizedels10_ACE08cellularity.pdf
output/output_genome2/plots_segmented/plotCN_e2d26ea9-4a1b-41d7-b3ff-707e8bdaa895_nreads8000_sizedels10_ACE08cellularity.pdf
output/output_genome2/plots_segmented/plotCN_508f38be-6538-48b5-a17d-741d855721a6_nreads8000_sizedels10_ACE08cellularity.pdf
output/output_genome2/plots_segmented/plotCN_aca7ed22-af97-452b-ac62-b00d148a62ea_nreads8000_sizedels10_ACE08cellularity.pdf
output/output_genome2/plots_segmented/plotCN_c0446a16-1896-42ba-a6c6-53fbcceb3063_nreads8000_sizedels10_ACE08cellularity.pdf
output/output_genome2/plots_segmented/plotCN_bf1f44ed-a945-46b9-8104-94b608ec3c80_nreads8000_sizedels10_ACE08cellularity.pdf
output/output_genome2/plots_segmented/plotCN_55ed827b-b00a-4efd-ad7f-de767a776c06_nreads8000_sizedels10_ACE08cellularity.pdf
output/output_genome2/reads/sim_transloc_reads4359af97-2e27-49a9-9b3e-e1d023a248b2_nreads8000_sizedels10.fa
output/output_genome2/alignments/aligned_sim_transloc_readsfce46f10-e850-4f42-a284-7aa2b315bed2_nreads8000_sizedels10.bam
output/output_genome2/alignments/aligned_sim_transloc_readsf75c694a-cb25-478b-bb69-4cb409da5f46_nreads8000_sizedels10.bam
output/output_genome2/alignments/aligned_sim_transloc_reads55185318-e478-4e3b-8ac7-0755d720a476_nreads8000_sizedels10.bam
output/output_genome2/alignments/aligned_sim_transloc_readse2d26ea9-4a1b-41d7-b3ff-707e8bdaa895_nreads8000_sizedels10.bam
output/output_genome2/alignments/aligned_sim_transloc_reads508f38be-6538-48b5-a17d-741d855721a6_nreads8000_sizedels10.bam
output/output_genome2/alignments/aligned_sim_transloc_readsaca7ed22-af97-452b-ac62-b00d148a62ea_nreads8000_sizedels10.bam
output/output_genome2/alignments/aligned_sim_transloc_readsc0446a16-1896-42ba-a6c6-53fbcceb3063_nreads8000_sizedels10.bam
output/output_genome2/alignments/aligned_sim_transloc_readsbf1f44ed-a945-46b9-8104-94b608ec3c80_nreads8000_sizedels10.bam
output/output_genome2/alignments/aligned_sim_transloc_reads55ed827b-b00a-4efd-ad7f-de767a776c06_nreads8000_sizedels10.bam
output/output_genome2/alignments/aligned_sim_transloc_reads74ae0dc9-dd63-4e34-a7f0-ee3077199b59_nreads8000_sizedels10.bam
output/output_genome2/alignments/aligned_sim_transloc_reads49e2682c-4bc6-4856-9a74-b77b10a1feca_nreads8000_sizedels10.bam
output/output_genome2/reads/sim_transloc_readsfce46f10-e850-4f42-a284-7aa2b315bed2_nreads8000_sizedels10.fa
output/output_genome2/reads/sim_transloc_readsf75c694a-cb25-478b-bb69-4cb409da5f46_nreads8000_sizedels10.fa
output/output_genome2/reads/sim_transloc_reads55185318-e478-4e3b-8ac7-0755d720a476_nreads8000_sizedels10.fa
output/output_genome2/reads/sim_transloc_readse2d26ea9-4a1b-41d7-b3ff-707e8bdaa895_nreads8000_sizedels10.fa
output/output_genome2/reads/sim_transloc_reads508f38be-6538-48b5-a17d-741d855721a6_nreads8000_sizedels10.fa
output/output_genome2/reads/sim_transloc_readsaca7ed22-af97-452b-ac62-b00d148a62ea_nreads8000_sizedels10.fa
output/output_genome2/reads/sim_transloc_readsc0446a16-1896-42ba-a6c6-53fbcceb3063_nreads8000_sizedels10.fa
output/output_genome2/reads/sim_transloc_readsbf1f44ed-a945-46b9-8104-94b608ec3c80_nreads8000_sizedels10.fa
output/output_genome2/reads/sim_transloc_reads55ed827b-b00a-4efd-ad7f-de767a776c06_nreads8000_sizedels10.fa
output/output_genome2/reads/sim_transloc_reads74ae0dc9-dd63-4e34-a7f0-ee3077199b59_nreads8000_sizedels10.fa
output/output_genome2/reads/sim_transloc_reads285c6568-59b5-405f-8f28-0afe31785500_nreads8000_sizedels10.fa
output/output_genome2/plots_segmented/plotCN_2a5ae02f-d430-4c99-a993-390a49cfc3ab_nreads8000_sizedels10_ACE08cellularity.pdf
output/output_genome2/plots_segmented/plotCN_60f5571d-95d2-4278-b97d-89a6ab812a7a_nreads8000_sizedels10_ACE08cellularity.pdf
output/output_genome2/plots_segmented/plotCN_0ce880ad-01a9-4206-89a1-dc2217b08533_nreads8000_sizedels10_ACE08cellularity.pdf
output/output_genome2/plots_segmented/plotCN_e5cf7253-1b67-49da-bdbf-9d7a4fb8c547_nreads8000_sizedels10_ACE08cellularity.pdf
output/output_genome2/plots_segmented/plotCN_908e0147-142f-4752-9de4-f3ee2e03a94e_nreads8000_sizedels10_ACE08cellularity.pdf
output/output_genome2/plots_segmented/plotCN_1fc396ca-a860-4aac-891b-70afd3d56b48_nreads8000_sizedels10_ACE08cellularity.pdf
output/output_genome2/plots_segmented/plotCN_e68fb549-50b6-4237-a339-3888ea8cfbb4_nreads8000_sizedels10_ACE08cellularity.pdf
output/output_genome2/plots_segmented/plotCN_ae6dac2e-4d87-4dc8-b9a1-10a95915907f_nreads8000_sizedels10_ACE08cellularity.pdf
output/output_genome2/plots_segmented/plotCN_302c8f1d-5b94-4e43-ac39-6db7ef6dfa58_nreads8000_sizedels10_ACE08cellularity.pdf
output/output_genome2/plots_segmented/plotCN_d44d0749-8297-4f81-b86c-2310792b5516_nreads8000_sizedels10_ACE08cellularity.pdf
output/output_genome2/plots_segmented/plotCN_55c926e3-e0c5-4f35-b916-213d20536980_nreads8000_sizedels10_ACE08cellularity.pdf
output/output_genome2/alignments/aligned_sim_transloc_reads0ce880ad-01a9-4206-89a1-dc2217b08533_nreads8000_sizedels10.bam
output/output_genome2/alignments/aligned_sim_transloc_readse5cf7253-1b67-49da-bdbf-9d7a4fb8c547_nreads8000_sizedels10.bam
output/output_genome2/alignments/aligned_sim_transloc_reads908e0147-142f-4752-9de4-f3ee2e03a94e_nreads8000_sizedels10.bam
output/output_genome2/alignments/aligned_sim_transloc_reads1fc396ca-a860-4aac-891b-70afd3d56b48_nreads8000_sizedels10.bam
output/output_genome2/alignments/aligned_sim_transloc_readse68fb549-50b6-4237-a339-3888ea8cfbb4_nreads8000_sizedels10.bam
output/output_genome2/alignments/aligned_sim_transloc_readsae6dac2e-4d87-4dc8-b9a1-10a95915907f_nreads8000_sizedels10.bam
output/output_genome2/alignments/aligned_sim_transloc_reads302c8f1d-5b94-4e43-ac39-6db7ef6dfa58_nreads8000_sizedels10.bam
output/output_genome2/alignments/aligned_sim_transloc_reads60f5571d-95d2-4278-b97d-89a6ab812a7a_nreads8000_sizedels10.bam
output/output_genome2/alignments/aligned_sim_transloc_readsd44d0749-8297-4f81-b86c-2310792b5516_nreads8000_sizedels10.bam
output/output_genome2/alignments/aligned_sim_transloc_reads2a5ae02f-d430-4c99-a993-390a49cfc3ab_nreads8000_sizedels10.bam
output/output_genome2/reads/sim_transloc_reads4867bc9e-a9ed-48fa-ace1-3d844ac669e2_nreads8000_sizedels10.fa
output/output_genome2/plots_segmented/plotCN_feff1e6f-050b-41c2-954c-24bf85bbd47e_nreads8000_sizedels10_ACE08cellularity.pdf
output/output_genome2/reads/sim_transloc_reads316dbcd5-2e0c-4976-9fe2-c05bce116c0f_nreads8000_sizedels10.fa
output/output_genome2/reads/sim_transloc_reads908e0147-142f-4752-9de4-f3ee2e03a94e_nreads8000_sizedels10.fa
output/output_genome2/reads/sim_transloc_reads2a5ae02f-d430-4c99-a993-390a49cfc3ab_nreads8000_sizedels10.fa
output/output_genome2/reads/sim_transloc_readsd3db2974-dad1-4b6b-82e8-26f6f6df44e8_nreads8000_sizedels10.fa
output/output_genome2/reads/sim_transloc_reads49e2682c-4bc6-4856-9a74-b77b10a1feca_nreads8000_sizedels10.fa
output/output_genome2/reads/sim_transloc_reads68cef2f2-9802-49a5-b4b2-15b97a73ebf5_nreads8000_sizedels10.fa
output/output_genome2/reads/sim_transloc_readsdummyname_nreads8000_sizedels10.fa
output/output_genome2/reads/sim_transloc_reads55c926e3-e0c5-4f35-b916-213d20536980_nreads8000_sizedels10.fa
output/output_genome2/reads/sim_transloc_readsfaaf36cf-d18b-4425-95a4-60dc7fd3087e_nreads8000_sizedels10.fa
output/output_genome2/plots_segmented/plotCN_8ccddfff-8c08-44f6-bec2-754368c5dfa0_nreads8000_sizedels10_ACE08cellularity.pdf
output/output_genome2/plots_segmented/plotCN_eeea61be-7f8f-4d94-9548-a86cc84bc456_nreads8000_sizedels10_ACE08cellularity.pdf
output/output_genome2/plots_segmented/plotCN_f5943654-4487-4d0a-8f15-d601b6268e37_nreads8000_sizedels10_ACE08cellularity.pdf
output/output_genome2/plots_segmented/plotCN_c17bfe6b-90b6-4651-b86f-f3974242df1d_nreads8000_sizedels10_ACE08cellularity.pdf
output/output_genome2/plots_segmented/plotCN_07b96ad4-640b-48fb-8c60-04e63b5239b4_nreads8000_sizedels10_ACE08cellularity.pdf
output/output_genome2/plots_segmented/plotCN_18c4ecfc-5d19-4be3-ac65-446b5b75b5d2_nreads8000_sizedels10_ACE08cellularity.pdf
output/output_genome2/plots_segmented/plotCN_e13ac02e-701a-48d4-a7e6-63d9b27e80f7_nreads8000_sizedels10_ACE08cellularity.pdf
output/output_genome2/plots_segmented/plotCN_5313afff-77cd-4396-b450-e6db6dcdca91_nreads8000_sizedels10_ACE08cellularity.pdf
output/output_genome2/plots_segmented/plotCN_338ec77e-a5fa-4263-9540-c83aaee41d8b_nreads8000_sizedels10_ACE08cellularity.pdf
output/output_genome2/reads/sim_transloc_reads3dea342a-2048-4271-8b1c-1a094416954c_nreads8000_sizedels10.fa
output/output_genome2/alignments/aligned_sim_transloc_reads8ccddfff-8c08-44f6-bec2-754368c5dfa0_nreads8000_sizedels10.bam
output/output_genome2/alignments/aligned_sim_transloc_readseeea61be-7f8f-4d94-9548-a86cc84bc456_nreads8000_sizedels10.bam
output/output_genome2/alignments/aligned_sim_transloc_readsc17bfe6b-90b6-4651-b86f-f3974242df1d_nreads8000_sizedels10.bam
output/output_genome2/alignments/aligned_sim_transloc_readsf5943654-4487-4d0a-8f15-d601b6268e37_nreads8000_sizedels10.bam
output/output_genome2/alignments/aligned_sim_transloc_reads07b96ad4-640b-48fb-8c60-04e63b5239b4_nreads8000_sizedels10.bam
output/output_genome2/alignments/aligned_sim_transloc_reads18c4ecfc-5d19-4be3-ac65-446b5b75b5d2_nreads8000_sizedels10.bam
output/output_genome2/alignments/aligned_sim_transloc_reads5313afff-77cd-4396-b450-e6db6dcdca91_nreads8000_sizedels10.bam
output/output_genome2/alignments/aligned_sim_transloc_reads338ec77e-a5fa-4263-9540-c83aaee41d8b_nreads8000_sizedels10.bam
output/output_genome2/alignments/aligned_sim_transloc_reads55c926e3-e0c5-4f35-b916-213d20536980_nreads8000_sizedels10.bam
output/output_genome2/reads/sim_transloc_reads1c5c6a2d-1601-4201-af2f-52565c1f6f60_nreads8000_sizedels10.fa
output/output_genome2/reads/sim_transloc_reads8ccddfff-8c08-44f6-bec2-754368c5dfa0_nreads8000_sizedels10.fa
output/output_genome2/reads/sim_transloc_readseeea61be-7f8f-4d94-9548-a86cc84bc456_nreads8000_sizedels10.fa
output/output_genome2/reads/sim_transloc_readsc17bfe6b-90b6-4651-b86f-f3974242df1d_nreads8000_sizedels10.fa
output/output_genome2/reads/sim_transloc_readsf5943654-4487-4d0a-8f15-d601b6268e37_nreads8000_sizedels10.fa
output/output_genome2/reads/sim_transloc_reads07b96ad4-640b-48fb-8c60-04e63b5239b4_nreads8000_sizedels10.fa
output/output_genome2/reads/sim_transloc_reads18c4ecfc-5d19-4be3-ac65-446b5b75b5d2_nreads8000_sizedels10.fa
output/output_genome2/reads/sim_transloc_reads5313afff-77cd-4396-b450-e6db6dcdca91_nreads8000_sizedels10.fa
output/output_genome2/plots_segmented/plotCN_68cef2f2-9802-49a5-b4b2-15b97a73ebf5_nreads8000_sizedels10_ACE08cellularity.pdf
output/output_genome2/reads/sim_transloc_reads338ec77e-a5fa-4263-9540-c83aaee41d8b_nreads8000_sizedels10.fa
output/output_genome2/plots_segmented/plotCN_5798dec6-917e-4d03-a408-9ae52f4d2a40_nreads8000_sizedels10_ACE08cellularity.pdf
output/output_genome2/plots_segmented/plotCN_c27768e7-f0bf-4a7b-96d8-22063bea52b0_nreads8000_sizedels10_ACE08cellularity.pdf
output/output_genome2/plots_segmented/plotCN_8a143413-57df-4804-bc50-6cf0d57c9085_nreads8000_sizedels10_ACE08cellularity.pdf
output/output_genome2/plots_segmented/plotCN_74046ca6-59ab-414a-9177-56f05dab5c44_nreads8000_sizedels10_ACE08cellularity.pdf
output/output_genome2/plots_segmented/plotCN_f9ab5a04-8e3f-40b1-957f-ff9957d907e6_nreads8000_sizedels10_ACE08cellularity.pdf
output/output_genome2/plots_segmented/plotCN_a355a94b-5151-427b-9a18-99d828989466_nreads8000_sizedels10_ACE08cellularity.pdf
output/output_genome2/plots_segmented/plotCN_1c8b7242-17d3-4be8-8d36-fb6b59c0945c_nreads8000_sizedels10_ACE08cellularity.pdf
output/output_genome2/plots_segmented/plotCN_83bc8175-0b61-4844-98ee-f11f67716366_nreads8000_sizedels10_ACE08cellularity.pdf
output/output_genome2/alignments/aligned_sim_transloc_reads332c10de-130b-4df7-83cf-9c80004546b2_nreads8000_sizedels10.bam
output/output_genome2/alignments/aligned_sim_transloc_readsfeff1e6f-050b-41c2-954c-24bf85bbd47e_nreads8000_sizedels10.bam
output/output_genome2/plots_segmented/plotCN_332c10de-130b-4df7-83cf-9c80004546b2_nreads8000_sizedels10_ACE08cellularity.pdf
output/output_genome2/alignments/aligned_sim_transloc_readsc27768e7-f0bf-4a7b-96d8-22063bea52b0_nreads8000_sizedels10.bam
output/output_genome2/alignments/aligned_sim_transloc_reads8a143413-57df-4804-bc50-6cf0d57c9085_nreads8000_sizedels10.bam
output/output_genome2/alignments/aligned_sim_transloc_reads74046ca6-59ab-414a-9177-56f05dab5c44_nreads8000_sizedels10.bam
output/output_genome2/plots_segmented/plotCN_362c82d8-6739-4fa0-81d1-f8399f947270_nreads8000_sizedels10_ACE08cellularity.pdf
output/output_genome2/alignments/aligned_sim_transloc_reads5798dec6-917e-4d03-a408-9ae52f4d2a40_nreads8000_sizedels10.bam
output/output_genome2/alignments/aligned_sim_transloc_readsf9ab5a04-8e3f-40b1-957f-ff9957d907e6_nreads8000_sizedels10.bam
output/output_genome2/alignments/aligned_sim_transloc_readsa355a94b-5151-427b-9a18-99d828989466_nreads8000_sizedels10.bam
output/output_genome2/alignments/aligned_sim_transloc_reads1c8b7242-17d3-4be8-8d36-fb6b59c0945c_nreads8000_sizedels10.bam
output/output_genome2/alignments/aligned_sim_transloc_reads83bc8175-0b61-4844-98ee-f11f67716366_nreads8000_sizedels10.bam
output/output_genome2/reads/sim_transloc_reads40d188dd-1dc4-4da6-a0c4-741468836f2a_nreads8000_sizedels10.fa
output/output_genome2/reads/sim_transloc_reads332c10de-130b-4df7-83cf-9c80004546b2_nreads8000_sizedels10.fa
output/output_genome2/reads/sim_transloc_readsc27768e7-f0bf-4a7b-96d8-22063bea52b0_nreads8000_sizedels10.fa
output/output_genome2/alignments/aligned_sim_transloc_readse13ac02e-701a-48d4-a7e6-63d9b27e80f7_nreads8000_sizedels10.bam
output/output_genome2/reads/sim_transloc_reads8a143413-57df-4804-bc50-6cf0d57c9085_nreads8000_sizedels10.fa
output/output_genome2/reads/sim_transloc_reads74046ca6-59ab-414a-9177-56f05dab5c44_nreads8000_sizedels10.fa
output/output_genome2/reads/sim_transloc_reads5798dec6-917e-4d03-a408-9ae52f4d2a40_nreads8000_sizedels10.fa
output/output_genome2/reads/sim_transloc_readsf9ab5a04-8e3f-40b1-957f-ff9957d907e6_nreads8000_sizedels10.fa
output/output_genome2/reads/sim_transloc_readsa355a94b-5151-427b-9a18-99d828989466_nreads8000_sizedels10.fa
output/output_genome2/reads/sim_transloc_reads1c8b7242-17d3-4be8-8d36-fb6b59c0945c_nreads8000_sizedels10.fa
output/output_genome2/reads/sim_transloc_reads83bc8175-0b61-4844-98ee-f11f67716366_nreads8000_sizedels10.fa
output/output_genome2/plots_segmented/plotCN_1f90020f-9bbf-4edf-806a-16e73943ce7b_nreads8000_sizedels10_ACE08cellularity.pdf
output/output_genome2/plots_segmented/plotCN_b633c91e-92cf-412d-b237-42f0bc10055f_nreads8000_sizedels10_ACE08cellularity.pdf
output/output_genome2/plots_segmented/plotCN_eb37b8e8-0560-4ce1-b16c-90b5cea62b4c_nreads8000_sizedels10_ACE08cellularity.pdf
output/output_genome2/plots_segmented/plotCN_4f469e5b-9b6a-4ddd-bb99-d65d8b40e28f_nreads8000_sizedels10_ACE08cellularity.pdf
output/output_genome2/plots_segmented/plotCN_a161a6c7-2fbd-4901-a163-9c3455d1ee59_nreads8000_sizedels10_ACE08cellularity.pdf
output/output_genome2/plots_segmented/plotCN_b1317ed5-3637-4030-a808-4378af9cbb70_nreads8000_sizedels10_ACE08cellularity.pdf
output/output_genome2/plots_segmented/plotCN_e6ecdc00-518b-4575-a6c4-779a18d9a6ed_nreads8000_sizedels10_ACE08cellularity.pdf
output/output_genome2/plots_segmented/plotCN_50230664-6597-4d3d-8f0f-ae58523dcb2e_nreads8000_sizedels10_ACE08cellularity.pdf
output/output_genome2/plots_segmented/plotCN_3dcf8c00-b865-42a9-805e-c0c542e19d6c_nreads8000_sizedels10_ACE08cellularity.pdf
output/output_genome2/reads/sim_transloc_readsd44d0749-8297-4f81-b86c-2310792b5516_nreads8000_sizedels10.fa
output/output_genome2/alignments/aligned_sim_transloc_reads4f469e5b-9b6a-4ddd-bb99-d65d8b40e28f_nreads8000_sizedels10.bam
output/output_genome2/alignments/aligned_sim_transloc_readsa161a6c7-2fbd-4901-a163-9c3455d1ee59_nreads8000_sizedels10.bam
output/output_genome2/alignments/aligned_sim_transloc_readsb1317ed5-3637-4030-a808-4378af9cbb70_nreads8000_sizedels10.bam
output/output_genome2/alignments/aligned_sim_transloc_readsb633c91e-92cf-412d-b237-42f0bc10055f_nreads8000_sizedels10.bam
output/output_genome2/alignments/aligned_sim_transloc_reads1f90020f-9bbf-4edf-806a-16e73943ce7b_nreads8000_sizedels10.bam
output/output_genome2/alignments/aligned_sim_transloc_readse6ecdc00-518b-4575-a6c4-779a18d9a6ed_nreads8000_sizedels10.bam
output/output_genome2/alignments/aligned_sim_transloc_reads50230664-6597-4d3d-8f0f-ae58523dcb2e_nreads8000_sizedels10.bam
output/output_genome2/alignments/aligned_sim_transloc_reads3dcf8c00-b865-42a9-805e-c0c542e19d6c_nreads8000_sizedels10.bam
output/output_genome2/alignments/aligned_sim_transloc_reads68cef2f2-9802-49a5-b4b2-15b97a73ebf5_nreads8000_sizedels10.bam
output/output_genome2/reads/sim_transloc_reads4f469e5b-9b6a-4ddd-bb99-d65d8b40e28f_nreads8000_sizedels10.fa
output/output_genome2/reads/sim_transloc_readsa161a6c7-2fbd-4901-a163-9c3455d1ee59_nreads8000_sizedels10.fa
output/output_genome2/reads/sim_transloc_readsb1317ed5-3637-4030-a808-4378af9cbb70_nreads8000_sizedels10.fa
output/output_genome2/reads/sim_transloc_readsb633c91e-92cf-412d-b237-42f0bc10055f_nreads8000_sizedels10.fa
output/output_genome2/reads/sim_transloc_reads1f90020f-9bbf-4edf-806a-16e73943ce7b_nreads8000_sizedels10.fa
output/output_genome2/reads/sim_transloc_readse6ecdc00-518b-4575-a6c4-779a18d9a6ed_nreads8000_sizedels10.fa
output/output_genome2/reads/sim_transloc_reads50230664-6597-4d3d-8f0f-ae58523dcb2e_nreads8000_sizedels10.fa
output/output_genome2/reads/sim_transloc_readsfeff1e6f-050b-41c2-954c-24bf85bbd47e_nreads8000_sizedels10.fa
output/output_genome2/reads/sim_transloc_reads3dcf8c00-b865-42a9-805e-c0c542e19d6c_nreads8000_sizedels10.fa
output/output_genome2/plots_segmented/plotCN_9dcc1d7b-01c2-4314-ac86-e91b96e3dc62_nreads8000_sizedels10_ACE08cellularity.pdf
output/output_genome2/plots_segmented/plotCN_ffac781d-60f0-4119-b50e-641cb192eb3a_nreads8000_sizedels10_ACE08cellularity.pdf
output/output_genome2/plots_segmented/plotCN_d727e4ce-de2c-4b2c-9f88-9dbc3027542d_nreads8000_sizedels10_ACE08cellularity.pdf
output/output_genome2/plots_segmented/plotCN_e1613532-75c4-4b60-94cd-1782dbeba295_nreads8000_sizedels10_ACE08cellularity.pdf
output/output_genome2/plots_segmented/plotCN_58cb6baf-cca1-4d4b-8575-aefda2f6f8de_nreads8000_sizedels10_ACE08cellularity.pdf
output/output_genome2/plots_segmented/plotCN_23cef739-abaf-4d77-b3e7-3de89e48b195_nreads8000_sizedels10_ACE08cellularity.pdf
output/output_genome2/plots_segmented/plotCN_4e8cf728-45ca-457b-97d7-75810423d4e9_nreads8000_sizedels10_ACE08cellularity.pdf
output/output_genome2/plots_segmented/plotCN_383580b0-b8e8-4d9a-8dc3-3ac4ff7ad2d5_nreads8000_sizedels10_ACE08cellularity.pdf
output/output_genome2/alignments/aligned_sim_transloc_reads362c82d8-6739-4fa0-81d1-f8399f947270_nreads8000_sizedels10.bam
output/output_genome2/alignments/aligned_sim_transloc_readsffac781d-60f0-4119-b50e-641cb192eb3a_nreads8000_sizedels10.bam
output/output_genome2/alignments/aligned_sim_transloc_readsd727e4ce-de2c-4b2c-9f88-9dbc3027542d_nreads8000_sizedels10.bam
output/output_genome2/alignments/aligned_sim_transloc_readse1613532-75c4-4b60-94cd-1782dbeba295_nreads8000_sizedels10.bam
output/output_genome2/alignments/aligned_sim_transloc_reads58cb6baf-cca1-4d4b-8575-aefda2f6f8de_nreads8000_sizedels10.bam
output/output_genome2/alignments/aligned_sim_transloc_reads9dcc1d7b-01c2-4314-ac86-e91b96e3dc62_nreads8000_sizedels10.bam
output/output_genome2/alignments/aligned_sim_transloc_reads23cef739-abaf-4d77-b3e7-3de89e48b195_nreads8000_sizedels10.bam
output/output_genome2/alignments/aligned_sim_transloc_reads4e8cf728-45ca-457b-97d7-75810423d4e9_nreads8000_sizedels10.bam
output/output_genome2/alignments/aligned_sim_transloc_reads383580b0-b8e8-4d9a-8dc3-3ac4ff7ad2d5_nreads8000_sizedels10.bam
output/output_genome2/reads/sim_transloc_readse13ac02e-701a-48d4-a7e6-63d9b27e80f7_nreads8000_sizedels10.fa
output/output_genome2/reads/sim_transloc_readsffac781d-60f0-4119-b50e-641cb192eb3a_nreads8000_sizedels10.fa
output/output_genome2/reads/sim_transloc_readsd727e4ce-de2c-4b2c-9f88-9dbc3027542d_nreads8000_sizedels10.fa
output/output_genome2/alignments/aligned_sim_transloc_readseb37b8e8-0560-4ce1-b16c-90b5cea62b4c_nreads8000_sizedels10.bam
output/output_genome2/reads/sim_transloc_readse1613532-75c4-4b60-94cd-1782dbeba295_nreads8000_sizedels10.fa
output/output_genome2/reads/sim_transloc_reads58cb6baf-cca1-4d4b-8575-aefda2f6f8de_nreads8000_sizedels10.fa
output/output_genome2/reads/sim_transloc_reads9dcc1d7b-01c2-4314-ac86-e91b96e3dc62_nreads8000_sizedels10.fa
output/output_genome2/reads/sim_transloc_reads23cef739-abaf-4d77-b3e7-3de89e48b195_nreads8000_sizedels10.fa
output/output_genome2/reads/sim_transloc_reads4e8cf728-45ca-457b-97d7-75810423d4e9_nreads8000_sizedels10.fa
output/output_genome2/reads/sim_transloc_reads383580b0-b8e8-4d9a-8dc3-3ac4ff7ad2d5_nreads8000_sizedels10.fa
output/output_genome2/plots_segmented/plotCN_d3db2974-dad1-4b6b-82e8-26f6f6df44e8_nreads8000_sizedels10_ACE08cellularity.pdf
output/output_genome2/plots_segmented/plotCN_316dbcd5-2e0c-4976-9fe2-c05bce116c0f_nreads8000_sizedels10_ACE08cellularity.pdf
output/output_genome2/plots_segmented/plotCN_61f41cee-25ec-46cd-bbfc-7e14c6fcce44_nreads8000_sizedels10_ACE08cellularity.pdf
output/output_genome2/plots_segmented/plotCN_095470a7-5c4b-4bf1-ac29-cb1fb8dd12f1_nreads8000_sizedels10_ACE08cellularity.pdf
output/output_genome2/plots_segmented/plotCN_1c5c6a2d-1601-4201-af2f-52565c1f6f60_nreads8000_sizedels10_ACE08cellularity.pdf
output/output_genome2/plots_segmented/plotCN_dummyname_nreads8000_sizedels10_ACE08cellularity.pdf
output/output_genome2/plots_segmented/plotCN_285c6568-59b5-405f-8f28-0afe31785500_nreads8000_sizedels10_ACE08cellularity.pdf
output/output_genome2/plots_segmented/plotCN_faaf36cf-d18b-4425-95a4-60dc7fd3087e_nreads8000_sizedels10_ACE08cellularity.pdf
output/output_genome2/alignments/aligned_sim_transloc_reads316dbcd5-2e0c-4976-9fe2-c05bce116c0f_nreads8000_sizedels10.bam
output/output_genome2/alignments/aligned_sim_transloc_reads61f41cee-25ec-46cd-bbfc-7e14c6fcce44_nreads8000_sizedels10.bam
output/output_genome2/alignments/aligned_sim_transloc_reads095470a7-5c4b-4bf1-ac29-cb1fb8dd12f1_nreads8000_sizedels10.bam
output/output_genome2/alignments/aligned_sim_transloc_readsd3db2974-dad1-4b6b-82e8-26f6f6df44e8_nreads8000_sizedels10.bam
output/output_genome2/alignments/aligned_sim_transloc_reads1c5c6a2d-1601-4201-af2f-52565c1f6f60_nreads8000_sizedels10.bam
output/output_genome2/alignments/aligned_sim_transloc_readsdummyname_nreads8000_sizedels10.bam
output/output_genome2/plots_segmented/plotCN_e48c3755-5811-40d2-8c41-1b0b7eee7304_nreads8000_sizedels10_ACE08cellularity.pdf
output/output_genome2/alignments/aligned_sim_transloc_reads285c6568-59b5-405f-8f28-0afe31785500_nreads8000_sizedels10.bam
output/output_genome2/alignments/aligned_sim_transloc_readsfaaf36cf-d18b-4425-95a4-60dc7fd3087e_nreads8000_sizedels10.bam
output/output_genome2/reads/sim_transloc_reads362c82d8-6739-4fa0-81d1-f8399f947270_nreads8000_sizedels10.fa
